<Project xmlns="http://schemas.microsoft.com/developer/msbuild/2003">
    <PropertyGroup>
        <ProjectGuid>{AAD0AF66-BF2A-4CBE-8B69-B041FDEACA62}</ProjectGuid>
        <ProjectVersion>14.6</ProjectVersion>
        <FrameworkType>VCL</FrameworkType>
        <MainSource>Next.dpr</MainSource>
        <Base>True</Base>
        <Config Condition="'$(Config)'==''">Release</Config>
        <Platform Condition="'$(Platform)'==''">Win32</Platform>
        <TargetedPlatforms>3</TargetedPlatforms>
        <AppType>Application</AppType>
    </PropertyGroup>
    <PropertyGroup Condition="'$(Config)'=='Base' or '$(Base)'!=''">
        <Base>true</Base>
    </PropertyGroup>
    <PropertyGroup Condition="('$(Platform)'=='Win32' and '$(Base)'=='true') or '$(Base_Win32)'!=''">
        <Base_Win32>true</Base_Win32>
        <CfgParent>Base</CfgParent>
        <Base>true</Base>
    </PropertyGroup>
    <PropertyGroup Condition="('$(Platform)'=='Win64' and '$(Base)'=='true') or '$(Base_Win64)'!=''">
        <Base_Win64>true</Base_Win64>
        <CfgParent>Base</CfgParent>
        <Base>true</Base>
    </PropertyGroup>
    <PropertyGroup Condition="'$(Config)'=='Debug' or '$(Cfg_1)'!=''">
        <Cfg_1>true</Cfg_1>
        <CfgParent>Base</CfgParent>
        <Base>true</Base>
    </PropertyGroup>
    <PropertyGroup Condition="('$(Platform)'=='Win32' and '$(Cfg_1)'=='true') or '$(Cfg_1_Win32)'!=''">
        <Cfg_1_Win32>true</Cfg_1_Win32>
        <CfgParent>Cfg_1</CfgParent>
        <Cfg_1>true</Cfg_1>
        <Base>true</Base>
    </PropertyGroup>
    <PropertyGroup Condition="('$(Platform)'=='Win64' and '$(Cfg_1)'=='true') or '$(Cfg_1_Win64)'!=''">
        <Cfg_1_Win64>true</Cfg_1_Win64>
        <CfgParent>Cfg_1</CfgParent>
        <Cfg_1>true</Cfg_1>
        <Base>true</Base>
    </PropertyGroup>
    <PropertyGroup Condition="'$(Config)'=='Release' or '$(Cfg_2)'!=''">
        <Cfg_2>true</Cfg_2>
        <CfgParent>Base</CfgParent>
        <Base>true</Base>
    </PropertyGroup>
    <PropertyGroup Condition="('$(Platform)'=='Win32' and '$(Cfg_2)'=='true') or '$(Cfg_2_Win32)'!=''">
        <Cfg_2_Win32>true</Cfg_2_Win32>
        <CfgParent>Cfg_2</CfgParent>
        <Cfg_2>true</Cfg_2>
        <Base>true</Base>
    </PropertyGroup>
    <PropertyGroup Condition="('$(Platform)'=='Win64' and '$(Cfg_2)'=='true') or '$(Cfg_2_Win64)'!=''">
        <Cfg_2_Win64>true</Cfg_2_Win64>
        <CfgParent>Cfg_2</CfgParent>
        <Cfg_2>true</Cfg_2>
        <Base>true</Base>
    </PropertyGroup>
    <PropertyGroup Condition="'$(Base)'!=''">
        <VerInfo_IncludeVerInfo>true</VerInfo_IncludeVerInfo>
        <Manifest_File>None</Manifest_File>
        <VerInfo_Locale>1036</VerInfo_Locale>
        <VCL_Custom_Styles>&quot;Charcoal Dark Slate|VCLSTYLE|$(PUBLIC)\Documents\RAD Studio\11.0\Styles\CharcoalDarkSlate.vsf&quot;;&quot;Smokey Quartz Kamri|VCLSTYLE|$(PUBLIC)\Documents\RAD Studio\11.0\Styles\SmokeyQuartzKamri.vsf&quot;</VCL_Custom_Styles>
        <VerInfo_Keys>CompanyName=FDevelopment;FileDescription=Logiciel de génération du fichier des étiquettes depuis la DB NextPharm vers M2COMM;FileVersion=1.0.0.0;InternalName=NextFile;LegalCopyright=FDevelopment;LegalTrademarks=FDevelopment;OriginalFilename=NextFile;ProductName=NextPharm;ProductVersion=1.0.0.0;Comments=d&apos;après une idée originale de Thierry Bosser</VerInfo_Keys>
        <Icon_MainIcon>Next_Icon.ico</Icon_MainIcon>
        <DCC_Namespace>System;Xml;Data;Datasnap;Web;Soap;Vcl;Vcl.Imaging;Vcl.Touch;Vcl.Samples;Vcl.Shell;$(DCC_Namespace)</DCC_Namespace>
        <DCC_DcuOutput>.\$(Platform)\$(Config)</DCC_DcuOutput>
        <DCC_ExeOutput>.\$(Platform)\$(Config)</DCC_ExeOutput>
        <DCC_E>false</DCC_E>
        <DCC_N>false</DCC_N>
        <DCC_S>false</DCC_S>
        <DCC_F>false</DCC_F>
        <DCC_K>false</DCC_K>
    </PropertyGroup>
    <PropertyGroup Condition="'$(Base_Win32)'!=''">
        <Manifest_File>$(BDS)\bin\default_app.manifest</Manifest_File>
        <VerInfo_IncludeVerInfo>true</VerInfo_IncludeVerInfo>
        <VerInfo_Locale>1033</VerInfo_Locale>
        <VerInfo_Keys>CompanyName=;FileDescription=;FileVersion=1.0.0.0;InternalName=;LegalCopyright=;LegalTrademarks=;OriginalFilename=;ProductName=;ProductVersion=1.0.0.0;Comments=</VerInfo_Keys>
        <DCC_Namespace>Winapi;System.Win;Data.Win;Datasnap.Win;Web.Win;Soap.Win;Xml.Win;Bde;$(DCC_Namespace)</DCC_Namespace>
        <DCC_UsePackage>rbIBE1818;rbUSER1818;Tee918;dclRBDBE1818;rbDAD1818;DBXSqliteDriver;frxDB18;TeeGL918;tmswizdXE4;rbRIDE1818;xdata;fmx;IndySystem;frx18;odacvcl180;inetdbbde;vclib;DBXInterBaseDriver;TeeDB918;DataSnapCommon;TeeMaker118;dclDevelopmentTools_XE4;DbxCommonDriver;vclimg;dbxcds;MetropolisUILiveTile;vcldb;vcldsnap;FMXTeePro918;rbRAP1818;dacvcl180;TeePro918;FabricePackage;TeeTree2D18Tee9;CustomIPTransport;dclRBIBE1818;vclribbon;rbTCUI1818;dsnap;IndyIPServer;awScript;fmxase;vcl;IndyCore;rbADO1818;IndyIPCommon;CloudService;CodeSiteExpressPkg;RtmRxDB180;dclRBBDE1818;TeeUI918;dclRBADO1818;rbDIDE1818;inetdbxpress;webdsnap;rbDBE1818;odac180;adortl;WinAGFSkinD2006;rbBDE1818;RtmRxBDE180;RtmRxCtl180;rbIDE1818;bindcompfmx;tmsdXE4;vcldbx;FmxTeeUI918;rtl;dbrtl;DbxClientDriver;bindcomp;oraprov180;dclRBE1818;rbDB1818;CPortLibDXE;xmlrtl;svnui;ibxpress;IndyProtocols;DBXMySQLDriver;frxe18;nTrayIcon;vclactnband;bindengine;soaprtl;bindcompdbx;TeeLanguage918;bindcompvcl;vclie;rbTC1818;FMXTeeLanguage918;vcltouch;aurelius;tmsexdXE4;crcontrols180;VclSmp;TeeWorld918;Intraweb;remotedb;dsnapcon;FMXTee918;tmsxlsdXE4;inet;fmxobj;rbUSERDesign1818;rbRCL1818;rbCIDE1818;dac180;vclx;svn;fmxdae;clinetsuiteSSHdXE4;bdertl;TeeImage918;rbDBDE1818;dbexpress;clinetsuitedXE4;FMXTeeDB918;IndyIPClient;$(DCC_UsePackage)</DCC_UsePackage>
    </PropertyGroup>
    <PropertyGroup Condition="'$(Base_Win64)'!=''">
        <DCC_Namespace>Winapi;System.Win;Data.Win;Datasnap.Win;Web.Win;Soap.Win;Xml.Win;$(DCC_Namespace)</DCC_Namespace>
        <VerInfo_IncludeVerInfo>true</VerInfo_IncludeVerInfo>
        <Manifest_File>$(BDS)\bin\default_app.manifest</Manifest_File>
        <VerInfo_Keys>CompanyName=;FileDescription=;FileVersion=1.0.0.0;InternalName=;LegalCopyright=;LegalTrademarks=;OriginalFilename=;ProductName=;ProductVersion=1.0.0.0;Comments=</VerInfo_Keys>
        <VerInfo_Locale>1033</VerInfo_Locale>
        <DCC_UsePackage>DBXSqliteDriver;xdata;fmx;IndySystem;vclib;DBXInterBaseDriver;DataSnapCommon;DbxCommonDriver;vclimg;dbxcds;MetropolisUILiveTile;vcldb;vcldsnap;CustomIPTransport;vclribbon;dsnap;IndyIPServer;fmxase;vcl;IndyCore;IndyIPCommon;CloudService;inetdbxpress;webdsnap;adortl;bindcompfmx;rtl;dbrtl;DbxClientDriver;bindcomp;xmlrtl;ibxpress;IndyProtocols;DBXMySQLDriver;vclactnband;bindengine;soaprtl;bindcompdbx;bindcompvcl;vclie;vcltouch;aurelius;VclSmp;Intraweb;remotedb;dsnapcon;inet;fmxobj;vclx;fmxdae;dbexpress;clinetsuitedXE4;IndyIPClient;$(DCC_UsePackage)</DCC_UsePackage>
    </PropertyGroup>
    <PropertyGroup Condition="'$(Cfg_1)'!=''">
        <DCC_Define>DEBUG;$(DCC_Define)</DCC_Define>
        <DCC_DebugDCUs>true</DCC_DebugDCUs>
        <DCC_Optimize>false</DCC_Optimize>
        <DCC_GenerateStackFrames>true</DCC_GenerateStackFrames>
        <DCC_DebugInfoInExe>true</DCC_DebugInfoInExe>
        <DCC_RemoteDebug>true</DCC_RemoteDebug>
    </PropertyGroup>
    <PropertyGroup Condition="'$(Cfg_1_Win32)'!=''">
        <VerInfo_MinorVer>1</VerInfo_MinorVer>
        <Manifest_File>$(BDS)\bin\default_app.manifest</Manifest_File>
        <VerInfo_Keys>CompanyName=Pharmacies de Mons;FileDescription=Logiciel de génération du fichier des étiquettes;FileVersion=1.1.0.0;InternalName=NextPharm Generator M2COMM File;LegalCopyright=Thierry Bosser;LegalTrademarks=FDevelopment;OriginalFilename=Next.exe;ProductName=Next;ProductVersion=1.0.0.0;Comments=ce logiciel privé fonctionne uniquement avec le logiciel NextPharm</VerInfo_Keys>
        <VerInfo_Locale>1033</VerInfo_Locale>
        <DCC_RemoteDebug>false</DCC_RemoteDebug>
    </PropertyGroup>
    <PropertyGroup Condition="'$(Cfg_1_Win64)'!=''">
        <Manifest_File>$(BDS)\bin\default_app.manifest</Manifest_File>
        <VerInfo_Keys>CompanyName=;FileDescription=;FileVersion=1.0.0.0;InternalName=;LegalCopyright=;LegalTrademarks=;OriginalFilename=;ProductName=;ProductVersion=1.0.0.0;Comments=</VerInfo_Keys>
        <VerInfo_Locale>1033</VerInfo_Locale>
    </PropertyGroup>
    <PropertyGroup Condition="'$(Cfg_2)'!=''">
        <DCC_LocalDebugSymbols>false</DCC_LocalDebugSymbols>
        <DCC_Define>RELEASE;$(DCC_Define)</DCC_Define>
        <DCC_SymbolReferenceInfo>0</DCC_SymbolReferenceInfo>
        <DCC_DebugInformation>false</DCC_DebugInformation>
    </PropertyGroup>
    <PropertyGroup Condition="'$(Cfg_2_Win32)'!=''">
        <VerInfo_MinorVer>2</VerInfo_MinorVer>
        <Manifest_File>$(BDS)\bin\default_app.manifest</Manifest_File>
        <VerInfo_Locale>1033</VerInfo_Locale>
        <VerInfo_Keys>CompanyName=Pharmacies de Mons;FileDescription=Logiciel de génération du fichier des étiquettes;FileVersion=1.2.0.0;InternalName=NextPharm Generator M2COMM File;LegalCopyright=Thierry Bosser;LegalTrademarks=FDevelopment;OriginalFilename=Next.exe;ProductName=Next;ProductVersion=1.0.0.0;Comments=ce logiciel privé fonctionne uniquement avec le logiciel NextPharm</VerInfo_Keys>
    </PropertyGroup>
    <PropertyGroup Condition="'$(Cfg_2_Win64)'!=''">
        <Manifest_File>$(BDS)\bin\default_app.manifest</Manifest_File>
        <VerInfo_Locale>1033</VerInfo_Locale>
        <VerInfo_Keys>CompanyName=;FileDescription=;FileVersion=1.0.0.0;InternalName=;LegalCopyright=;LegalTrademarks=;OriginalFilename=;ProductName=;ProductVersion=1.0.0.0;Comments=</VerInfo_Keys>
    </PropertyGroup>
    <ItemGroup>
        <DelphiCompile Include="$(MainSource)">
            <MainSource>MainSource</MainSource>
        </DelphiCompile>
        <RcCompile Include="Elevation.rc">
            <Form>Elevation.res</Form>
        </RcCompile>
        <DCCReference Include="main.pas">
            <Form>ForMainM2COMM</Form>
        </DCCReference>
        <DCCReference Include="config.pas"/>
        <DCCReference Include="fScript.pas">
            <Form>ForScript</Form>
        </DCCReference>
        <DCCReference Include="mdData.pas">
            <Form>Module</Form>
            <DesignClass>TDataModule</DesignClass>
        </DCCReference>
        <DCCReference Include="ukill.pas"/>
        <DCCReference Include="uLogs.pas"/>
        <DCCReference Include="fSupplierRules.pas">
            <Form>ForListSupplierRules</Form>
            <FormType>dfm</FormType>
        </DCCReference>
        <DCCReference Include="fsSupplierRule.pas">
            <Form>ForSaiSupplierRule</Form>
            <FormType>dfm</FormType>
        </DCCReference>
        <BuildConfiguration Include="Release">
            <Key>Cfg_2</Key>
            <CfgParent>Base</CfgParent>
        </BuildConfiguration>
        <BuildConfiguration Include="Base">
            <Key>Base</Key>
        </BuildConfiguration>
        <BuildConfiguration Include="Debug">
            <Key>Cfg_1</Key>
            <CfgParent>Base</CfgParent>
        </BuildConfiguration>
    </ItemGroup>
    <ProjectExtensions>
        <Borland.Personality>Delphi.Personality.12</Borland.Personality>
        <Borland.ProjectType/>
        <BorlandProject>
            <Delphi.Personality>
                <VersionInfo>
                    <VersionInfo Name="IncludeVerInfo">False</VersionInfo>
                    <VersionInfo Name="AutoIncBuild">False</VersionInfo>
                    <VersionInfo Name="MajorVer">1</VersionInfo>
                    <VersionInfo Name="MinorVer">0</VersionInfo>
                    <VersionInfo Name="Release">0</VersionInfo>
                    <VersionInfo Name="Build">0</VersionInfo>
                    <VersionInfo Name="Debug">False</VersionInfo>
                    <VersionInfo Name="PreRelease">False</VersionInfo>
                    <VersionInfo Name="Special">False</VersionInfo>
                    <VersionInfo Name="Private">False</VersionInfo>
                    <VersionInfo Name="DLL">False</VersionInfo>
                    <VersionInfo Name="Locale">1036</VersionInfo>
                    <VersionInfo Name="CodePage">1252</VersionInfo>
                </VersionInfo>
                <VersionInfoKeys>
                    <VersionInfoKeys Name="CompanyName"/>
                    <VersionInfoKeys Name="FileDescription"/>
                    <VersionInfoKeys Name="FileVersion">1.0.0.0</VersionInfoKeys>
                    <VersionInfoKeys Name="InternalName"/>
                    <VersionInfoKeys Name="LegalCopyright"/>
                    <VersionInfoKeys Name="LegalTrademarks"/>
                    <VersionInfoKeys Name="OriginalFilename"/>
                    <VersionInfoKeys Name="ProductName"/>
                    <VersionInfoKeys Name="ProductVersion">1.0.0.0</VersionInfoKeys>
                    <VersionInfoKeys Name="Comments"/>
                    <VersionInfoKeys Name="CFBundleName"/>
                    <VersionInfoKeys Name="CFBundleDisplayName"/>
                    <VersionInfoKeys Name="UIDeviceFamily"/>
                    <VersionInfoKeys Name="CFBundleIdentifier"/>
                    <VersionInfoKeys Name="CFBundleVersion"/>
                    <VersionInfoKeys Name="CFBundlePackageType"/>
                    <VersionInfoKeys Name="CFBundleSignature"/>
                    <VersionInfoKeys Name="CFBundleAllowMixedLocalizations"/>
                    <VersionInfoKeys Name="UISupportedInterfaceOrientations"/>
                    <VersionInfoKeys Name="CFBundleExecutable"/>
                    <VersionInfoKeys Name="CFBundleResourceSpecification"/>
                    <VersionInfoKeys Name="LSRequiresIPhoneOS"/>
                    <VersionInfoKeys Name="CFBundleInfoDictionaryVersion"/>
                    <VersionInfoKeys Name="CFBundleDevelopmentRegion"/>
                </VersionInfoKeys>
                <Source>
                    <Source Name="MainSource">Next.dpr</Source>
                </Source>
                <Excluded_Packages>
                    <Excluded_Packages Name="C:\Users\slamj\Documents\tmssoftware\businessxe4\xdata\packages\dxe4\..\bpl\Win32\dclxdata180.bpl">TMS XData - Design-Time Package</Excluded_Packages>
                    <Excluded_Packages Name="C:\Users\slamj\Documents\tmssoftware\businessxe4\remotedb\packages\dxe4\..\bpl\Win32\dclremotedb180.bpl">TMS RemoteDB - Design-Time Package</Excluded_Packages>
                    <Excluded_Packages Name="$(BDSBIN)\dcloffice2k180.bpl">Composants Microsoft Office 2000 Sample Automation Server Wrapper</Excluded_Packages>
                    <Excluded_Packages Name="$(BDSBIN)\dclofficexp180.bpl">Composants Microsoft Office XP Sample Automation Server Wrapper</Excluded_Packages>
                </Excluded_Packages>
            </Delphi.Personality>
            <Deployment/>
            <Platforms>
                <Platform value="Win32">True</Platform>
                <Platform value="Win64">True</Platform>
            </Platforms>
        </BorlandProject>
        <ProjectFileVersion>12</ProjectFileVersion>
    </ProjectExtensions>
    <Import Project="$(BDS)\Bin\CodeGear.Delphi.Targets" Condition="Exists('$(BDS)\Bin\CodeGear.Delphi.Targets')"/>
    <Import Project="$(APPDATA)\Embarcadero\$(BDSAPPDATABASEDIR)\$(PRODUCTVERSION)\UserTools.proj" Condition="Exists('$(APPDATA)\Embarcadero\$(BDSAPPDATABASEDIR)\$(PRODUCTVERSION)\UserTools.proj')"/>
</Project>
